// !$*UTF8*$!
{
	archiveVersion = 1;
	classes = {
	};
	objectVersion = 55;
	objects = {

/* Begin PBXBuildFile section */
		5D8736D82F4EE5300054BBE6 /* DGCharts in Frameworks */ = {isa = PBXBuildFile; productRef = 5D8736D72F4EE5300054BBE6 /* DGCharts */; };
		5DBF02122741FA9B00FE6C1D /* AppDelegate.swift in Sources */ = {isa = PBXBuildFile; fileRef = 5DBF02112741FA9B00FE6C1D /* AppDelegate.swift */; };
		5DBF02142741FA9B00FE6C1D /* SceneDelegate.swift in Sources */ = {isa = PBXBuildFile; fileRef = 5DBF02132741FA9B00FE6C1D /* SceneDelegate.swift */; };
		5DBF02192741FA9B00FE6C1D /* Main.storyboard in Resources */ = {isa = PBXBuildFile; fileRef = 5DBF02172741FA9B00FE6C1D /* Main.storyboard */; };
		5DBF021B2741FA9E00FE6C1D /* Assets.xcassets in Resources */ = {isa = PBXBuildFile; fileRef = 5DBF021A2741FA9E00FE6C1D /* Assets.xcassets */; };
		5DBF021E2741FA9E00FE6C1D /* LaunchScreen.storyboard in Resources */ = {isa = PBXBuildFile; fileRef = 5DBF021C2741FA9E00FE6C1D /* LaunchScreen.storyboard */; };
		5DBF02292741FAD600FE6C1D /* Article.swift in Sources */ = {isa = PBXBuildFile; fileRef = 5DBF02282741FAD600FE6C1D /* Article.swift */; };
		5DBF0251274200E200FE6C1D /* RequestType.swift in Sources */ = {isa = PBXBuildFile; fileRef = 5DBF0250274200E200FE6C1D /* RequestType.swift */; };
		5DBF0253274200FC00FE6C1D /* ArticleRequest.swift in Sources */ = {isa = PBXBuildFile; fileRef = 5DBF0252274200FC00FE6C1D /* ArticleRequest.swift */; };
		5DBF025827420D9C00FE6C1D /* ArticleViewModel.swift in Sources */ = {isa = PBXBuildFile; fileRef = 5DBF025727420D9C00FE6C1D /* ArticleViewModel.swift */; };
		5DBF025A274223D000FE6C1D /* ReusableView.swift in Sources */ = {isa = PBXBuildFile; fileRef = 5DBF0259274223D000FE6C1D /* ReusableView.swift */; };
		5DBF025D2742268800FE6C1D /* ArticleCell.swift in Sources */ = {isa = PBXBuildFile; fileRef = 5DBF025C2742268800FE6C1D /* ArticleCell.swift */; };
		5DBF025F27422BE200FE6C1D /* CoinServiceAPI.swift in Sources */ = {isa = PBXBuildFile; fileRef = 5DBF025E27422BE200FE6C1D /* CoinServiceAPI.swift */; };
		5DBF026127422D8900FE6C1D /* APIRequestLoader.swift in Sources */ = {isa = PBXBuildFile; fileRef = 5DBF026027422D8900FE6C1D /* APIRequestLoader.swift */; };
		5DBF02672742374800FE6C1D /* CoinListViewController.swift in Sources */ = {isa = PBXBuildFile; fileRef = 5DBF02662742374800FE6C1D /* CoinListViewController.swift */; };
		5DBF02692742394500FE6C1D /* CoinRequest.swift in Sources */ = {isa = PBXBuildFile; fileRef = 5DBF02682742394500FE6C1D /* CoinRequest.swift */; };
		5DBF026B27423C1900FE6C1D /* Coin.swift in Sources */ = {isa = PBXBuildFile; fileRef = 5DBF026A27423C1900FE6C1D /* Coin.swift */; };
		5DD46678274476D900D1B730 /* CoinDetailViewController.swift in Sources */ = {isa = PBXBuildFile; fileRef = 5DD46677274476D900D1B730 /* CoinDetailViewController.swift */; };
		5DD4667A2744797000D1B730 /* CoinDetailViewModel.swift in Sources */ = {isa = PBXBuildFile; fileRef = 5DD466792744797000D1B730 /* CoinDetailViewModel.swift */; };
		5DD4667C274509F500D1B730 /* HistoricalCoin.swift in Sources */ = {isa = PBXBuildFile; fileRef = 5DD4667B274509F400D1B730 /* HistoricalCoin.swift */; };
		5DD4667E27450C8700D1B730 /* HistoricalCoinRequest.swift in Sources */ = {isa = PBXBuildFile; fileRef = 5DD4667D27450C8700D1B730 /* HistoricalCoinRequest.swift */; };
		5DD466822745338800D1B730 /* Duration.swift in Sources */ = {isa = PBXBuildFile; fileRef = 5DD466812745338800D1B730 /* Duration.swift */; };
		5DD466992745C75800D1B730 /* GraphikRegularItalic.otf in Resources */ = {isa = PBXBuildFile; fileRef = 5DD4668F2745C73D00D1B730 /* GraphikRegularItalic.otf */; };
		5DD4669A2745C75800D1B730 /* GraphikSemiboldItalic.otf in Resources */ = {isa = PBXBuildFile; fileRef = 5DD4668A2745C73D00D1B730 /* GraphikSemiboldItalic.otf */; };
		5DD4669F2745C75800D1B730 /* GraphikSemibold.otf in Resources */ = {isa = PBXBuildFile; fileRef = 5DD4668C2745C73D00D1B730 /* GraphikSemibold.otf */; };
		5DD466AA2745C75800D1B730 /* GraphikRegular.otf in Resources */ = {isa = PBXBuildFile; fileRef = 5DD466902745C73E00D1B730 /* GraphikRegular.otf */; };
		5DD466AD2745C91F00D1B730 /* GraphikMediumItalic.otf in Resources */ = {isa = PBXBuildFile; fileRef = 5DD466AB2745C91F00D1B730 /* GraphikMediumItalic.otf */; };
		5DD466AE2745C91F00D1B730 /* GraphikMedium.otf in Resources */ = {isa = PBXBuildFile; fileRef = 5DD466AC2745C91F00D1B730 /* GraphikMedium.otf */; };
		5DD466BC27466C2D00D1B730 /* CoinRequestTests.swift in Sources */ = {isa = PBXBuildFile; fileRef = 5DD466BB27466C2D00D1B730 /* CoinRequestTests.swift */; };
		5DD466C32746708700D1B730 /* MockJSON.swift in Sources */ = {isa = PBXBuildFile; fileRef = 5DD466C22746708700D1B730 /* MockJSON.swift */; };
		5DD466C527467E1E00D1B730 /* CurrencyFormatter.swift in Sources */ = {isa = PBXBuildFile; fileRef = 5DD466C427467E1E00D1B730 /* CurrencyFormatter.swift */; };
		5DD466CC2749122B00D1B730 /* Color.swift in Sources */ = {isa = PBXBuildFile; fileRef = 5DD466CB2749122B00D1B730 /* Color.swift */; };
		5DD466CE274916FC00D1B730 /* DateAxisValueFormatter.swift in Sources */ = {isa = PBXBuildFile; fileRef = 5DD466CD274916FC00D1B730 /* DateAxisValueFormatter.swift */; };
		5DD466D1274A592500D1B730 /* ArticleRequestTests.swift in Sources */ = {isa = PBXBuildFile; fileRef = 5DD466D0274A592400D1B730 /* ArticleRequestTests.swift */; };
		5DD466D7274A6A8900D1B730 /* HistoricalCoinRequestTest.swift in Sources */ = {isa = PBXBuildFile; fileRef = 5DD466D6274A6A8900D1B730 /* HistoricalCoinRequestTest.swift */; };
		5DD466E0274A791E00D1B730 /* MockURLProtocol.swift in Sources */ = {isa = PBXBuildFile; fileRef = 5DD466DF274A791E00D1B730 /* MockURLProtocol.swift */; };
		5DD466E2274A793500D1B730 /* APIRequestLoaderTests.swift in Sources */ = {isa = PBXBuildFile; fileRef = 5DD466E1274A793500D1B730 /* APIRequestLoaderTests.swift */; };
		5DF277012743841F003C434B /* CoinListViewModel.swift in Sources */ = {isa = PBXBuildFile; fileRef = 5DF277002743841F003C434B /* CoinListViewModel.swift */; };
		5DF27703274384CF003C434B /* CoinViewModel.swift in Sources */ = {isa = PBXBuildFile; fileRef = 5DF27702274384CF003C434B /* CoinViewModel.swift */; };
		5DF27707274385D0003C434B /* CoinCell.swift in Sources */ = {isa = PBXBuildFile; fileRef = 5DF27706274385D0003C434B /* CoinCell.swift */; };
		5DF2770A27439402003C434B /* Kingfisher in Frameworks */ = {isa = PBXBuildFile; productRef = 5DF2770927439402003C434B /* Kingfisher */; };
/* End PBXBuildFile section */

/* Begin PBXContainerItemProxy section */
		5DD466BD27466C2D00D1B730 /* PBXContainerItemProxy */ = {
			isa = PBXContainerItemProxy;
			containerPortal = 5DBF02062741FA9B00FE6C1D /* Project object */;
			proxyType = 1;
			remoteGlobalIDString = 5DBF020D2741FA9B00FE6C1D;
			remoteInfo = Coins;
		};
/* End PBXContainerItemProxy section */

/* Begin PBXFileReference section */
		5DBF020E2741FA9B00FE6C1D /* Coins.app */ = {isa = PBXFileReference; explicitFileType = wrapper.application; includeInIndex = 0; path = Coins.app; sourceTree = BUILT_PRODUCTS_DIR; };
		5DBF02112741FA9B00FE6C1D /* AppDelegate.swift */ = {isa = PBXFileReference; lastKnownFileType = sourcecode.swift; path = AppDelegate.swift; sourceTree = "<group>"; };
		5DBF02132741FA9B00FE6C1D /* SceneDelegate.swift */ = {isa = PBXFileReference; lastKnownFileType = sourcecode.swift; path = SceneDelegate.swift; sourceTree = "<group>"; };
		5DBF02182741FA9B00FE6C1D /* Base */ = {isa = PBXFileReference; lastKnownFileType = file.storyboard; name = Base; path = Base.lproj/Main.storyboard; sourceTree = "<group>"; };
		5DBF021A2741FA9E00FE6C1D /* Assets.xcassets */ = {isa = PBXFileReference; lastKnownFileType = folder.assetcatalog; path = Assets.xcassets; sourceTree = "<group>"; };
		5DBF021D2741FA9E00FE6C1D /* Base */ = {isa = PBXFileReference; lastKnownFileType = file.storyboard; name = Base; path = Base.lproj/LaunchScreen.storyboard; sourceTree = "<group>"; };
		5DBF021F2741FA9E00FE6C1D /* Info.plist */ = {isa = PBXFileReference; lastKnownFileType = text.plist.xml; path = Info.plist; sourceTree = "<group>"; };
		5DBF02282741FAD600FE6C1D /* Article.swift */ = {isa = PBXFileReference; lastKnownFileType = sourcecode.swift; path = Article.swift; sourceTree = "<group>"; };
		5DBF0250274200E200FE6C1D /* RequestType.swift */ = {isa = PBXFileReference; lastKnownFileType = sourcecode.swift; path = RequestType.swift; sourceTree = "<group>"; };
		5DBF0252274200FC00FE6C1D /* ArticleRequest.swift */ = {isa = PBXFileReference; lastKnownFileType = sourcecode.swift; path = ArticleRequest.swift; sourceTree = "<group>"; };
		5DBF025727420D9C00FE6C1D /* ArticleViewModel.swift */ = {isa = PBXFileReference; lastKnownFileType = sourcecode.swift; path = ArticleViewModel.swift; sourceTree = "<group>"; };
		5DBF0259274223D000FE6C1D /* ReusableView.swift */ = {isa = PBXFileReference; lastKnownFileType = sourcecode.swift; path = ReusableView.swift; sourceTree = "<group>"; };
		5DBF025C2742268800FE6C1D /* ArticleCell.swift */ = {isa = PBXFileReference; lastKnownFileType = sourcecode.swift; path = ArticleCell.swift; sourceTree = "<group>"; };
		5DBF025E27422BE200FE6C1D /* CoinServiceAPI.swift */ = {isa = PBXFileReference; lastKnownFileType = sourcecode.swift; path = CoinServiceAPI.swift; sourceTree = "<group>"; };
		5DBF026027422D8900FE6C1D /* APIRequestLoader.swift */ = {isa = PBXFileReference; lastKnownFileType = sourcecode.swift; path = APIRequestLoader.swift; sourceTree = "<group>"; };
		5DBF02662742374800FE6C1D /* CoinListViewController.swift */ = {isa = PBXFileReference; lastKnownFileType = sourcecode.swift; path = CoinListViewController.swift; sourceTree = "<group>"; };
		5DBF02682742394500FE6C1D /* CoinRequest.swift */ = {isa = PBXFileReference; lastKnownFileType = sourcecode.swift; path = CoinRequest.swift; sourceTree = "<group>"; };
		5DBF026A27423C1900FE6C1D /* Coin.swift */ = {isa = PBXFileReference; lastKnownFileType = sourcecode.swift; path = Coin.swift; sourceTree = "<group>"; };
		5DD46677274476D900D1B730 /* CoinDetailViewController.swift */ = {isa = PBXFileReference; lastKnownFileType = sourcecode.swift; path = CoinDetailViewController.swift; sourceTree = "<group>"; };
		5DD466792744797000D1B730 /* CoinDetailViewModel.swift */ = {isa = PBXFileReference; lastKnownFileType = sourcecode.swift; path = CoinDetailViewModel.swift; sourceTree = "<group>"; };
		5DD4667B274509F400D1B730 /* HistoricalCoin.swift */ = {isa = PBXFileReference; lastKnownFileType = sourcecode.swift; path = HistoricalCoin.swift; sourceTree = "<group>"; };
		5DD4667D27450C8700D1B730 /* HistoricalCoinRequest.swift */ = {isa = PBXFileReference; lastKnownFileType = sourcecode.swift; path = HistoricalCoinRequest.swift; sourceTree = "<group>"; };
		5DD466812745338800D1B730 /* Duration.swift */ = {isa = PBXFileReference; lastKnownFileType = sourcecode.swift; path = Duration.swift; sourceTree = "<group>"; };
		5DD4668A2745C73D00D1B730 /* GraphikSemiboldItalic.otf */ = {isa = PBXFileReference; lastKnownFileType = file; path = GraphikSemiboldItalic.otf; sourceTree = "<group>"; };
		5DD4668C2745C73D00D1B730 /* GraphikSemibold.otf */ = {isa = PBXFileReference; lastKnownFileType = file; path = GraphikSemibold.otf; sourceTree = "<group>"; };
		5DD4668F2745C73D00D1B730 /* GraphikRegularItalic.otf */ = {isa = PBXFileReference; lastKnownFileType = file; path = GraphikRegularItalic.otf; sourceTree = "<group>"; };
		5DD466902745C73E00D1B730 /* GraphikRegular.otf */ = {isa = PBXFileReference; lastKnownFileType = file; path = GraphikRegular.otf; sourceTree = "<group>"; };
		5DD466AB2745C91F00D1B730 /* GraphikMediumItalic.otf */ = {isa = PBXFileReference; lastKnownFileType = file; path = GraphikMediumItalic.otf; sourceTree = "<group>"; };
		5DD466AC2745C91F00D1B730 /* GraphikMedium.otf */ = {isa = PBXFileReference; lastKnownFileType = file; path = GraphikMedium.otf; sourceTree = "<group>"; };
		5DD466B927466C2D00D1B730 /* CoinsTests.xctest */ = {isa = PBXFileReference; explicitFileType = wrapper.cfbundle; includeInIndex = 0; path = CoinsTests.xctest; sourceTree = BUILT_PRODUCTS_DIR; };
		5DD466BB27466C2D00D1B730 /* CoinRequestTests.swift */ = {isa = PBXFileReference; lastKnownFileType = sourcecode.swift; path = CoinRequestTests.swift; sourceTree = "<group>"; };
		5DD466C22746708700D1B730 /* MockJSON.swift */ = {isa = PBXFileReference; lastKnownFileType = sourcecode.swift; path = MockJSON.swift; sourceTree = "<group>"; };
		5DD466C427467E1E00D1B730 /* CurrencyFormatter.swift */ = {isa = PBXFileReference; lastKnownFileType = sourcecode.swift; path = CurrencyFormatter.swift; sourceTree = "<group>"; };
		5DD466CB2749122B00D1B730 /* Color.swift */ = {isa = PBXFileReference; lastKnownFileType = sourcecode.swift; path = Color.swift; sourceTree = "<group>"; };
		5DD466CD274916FC00D1B730 /* DateAxisValueFormatter.swift */ = {isa = PBXFileReference; lastKnownFileType = sourcecode.swift; path = DateAxisValueFormatter.swift; sourceTree = "<group>"; };
		5DD466D0274A592400D1B730 /* ArticleRequestTests.swift */ = {isa = PBXFileReference; lastKnownFileType = sourcecode.swift; path = ArticleRequestTests.swift; sourceTree = "<group>"; };
		5DD466D6274A6A8900D1B730 /* HistoricalCoinRequestTest.swift */ = {isa = PBXFileReference; lastKnownFileType = sourcecode.swift; path = HistoricalCoinRequestTest.swift; sourceTree = "<group>"; };
		5DD466DF274A791E00D1B730 /* MockURLProtocol.swift */ = {isa = PBXFileReference; lastKnownFileType = sourcecode.swift; path = MockURLProtocol.swift; sourceTree = "<group>"; };
		5DD466E1274A793500D1B730 /* APIRequestLoaderTests.swift */ = {isa = PBXFileReference; lastKnownFileType = sourcecode.swift; path = APIRequestLoaderTests.swift; sourceTree = "<group>"; };
		5DF277002743841F003C434B /* CoinListViewModel.swift */ = {isa = PBXFileReference; lastKnownFileType = sourcecode.swift; path = CoinListViewModel.swift; sourceTree = "<group>"; };
		5DF27702274384CF003C434B /* CoinViewModel.swift */ = {isa = PBXFileReference; lastKnownFileType = sourcecode.swift; path = CoinViewModel.swift; sourceTree = "<group>"; };
		5DF27706274385D0003C434B /* CoinCell.swift */ = {isa = PBXFileReference; lastKnownFileType = sourcecode.swift; path = CoinCell.swift; sourceTree = "<group>"; };
/* End PBXFileReference section */

/* Begin PBXFrameworksBuildPhase section */
		5DBF020B2741FA9B00FE6C1D /* Frameworks */ = {
			isa = PBXFrameworksBuildPhase;
			buildActionMask = 2147483647;
			files = (
				5D8736D82F4EE5300054BBE6 /* DGCharts in Frameworks */,
				5DF2770A27439402003C434B /* Kingfisher in Frameworks */,
			);
			runOnlyForDeploymentPostprocessing = 0;
		};
		5DD466B627466C2D00D1B730 /* Frameworks */ = {
			isa = PBXFrameworksBuildPhase;
			buildActionMask = 2147483647;
			files = (
			);
			runOnlyForDeploymentPostprocessing = 0;
		};
/* End PBXFrameworksBuildPhase section */

/* Begin PBXGroup section */
		5DBF02052741FA9B00FE6C1D = {
			isa = PBXGroup;
			children = (
				5DBF02102741FA9B00FE6C1D /* Coins */,
				5DD466BA27466C2D00D1B730 /* CoinsTests */,
				5DBF020F2741FA9B00FE6C1D /* Products */,
				5DD466B12746603200D1B730 /* Frameworks */,
			);
			sourceTree = "<group>";
		};
		5DBF020F2741FA9B00FE6C1D /* Products */ = {
			isa = PBXGroup;
			children = (
				5DBF020E2741FA9B00FE6C1D /* Coins.app */,
				5DD466B927466C2D00D1B730 /* CoinsTests.xctest */,
			);
			name = Products;
			sourceTree = "<group>";
		};
		5DBF02102741FA9B00FE6C1D /* Coins */ = {
			isa = PBXGroup;
			children = (
				5DBF02652742354C00FE6C1D /* Applcation */,
				5DBF02252741FAB200FE6C1D /* Models */,
				5DD466C8274900F300D1B730 /* Views */,
				5DBF022C2741FB4E00FE6C1D /* View Models */,
				5DBF022A2741FB1F00FE6C1D /* Networking */,
				5DBF02542742010A00FE6C1D /* Utils */,
				5DBF022B2741FB3100FE6C1D /* Storyboards */,
				5DBF02632742352B00FE6C1D /* Resoureces */,
				5DBF02622742352200FE6C1D /* Supporting Files */,
			);
			path = Coins;
			sourceTree = "<group>";
		};
		5DBF02252741FAB200FE6C1D /* Models */ = {
			isa = PBXGroup;
			children = (
				5DBF026A27423C1900FE6C1D /* Coin.swift */,
				5DD4667B274509F400D1B730 /* HistoricalCoin.swift */,
				5DBF02282741FAD600FE6C1D /* Article.swift */,
				5DD466812745338800D1B730 /* Duration.swift */,
			);
			path = Models;
			sourceTree = "<group>";
		};
		5DBF022A2741FB1F00FE6C1D /* Networking */ = {
			isa = PBXGroup;
			children = (
				5DBF0250274200E200FE6C1D /* RequestType.swift */,
				5DBF02682742394500FE6C1D /* CoinRequest.swift */,
				5DD4667D27450C8700D1B730 /* HistoricalCoinRequest.swift */,
				5DBF0252274200FC00FE6C1D /* ArticleRequest.swift */,
				5DBF026027422D8900FE6C1D /* APIRequestLoader.swift */,
				5DBF025E27422BE200FE6C1D /* CoinServiceAPI.swift */,
			);
			path = Networking;
			sourceTree = "<group>";
		};
		5DBF022B2741FB3100FE6C1D /* Storyboards */ = {
			isa = PBXGroup;
			children = (
				5DBF021C2741FA9E00FE6C1D /* LaunchScreen.storyboard */,
				5DBF02172741FA9B00FE6C1D /* Main.storyboard */,
			);
			path = Storyboards;
			sourceTree = "<group>";
		};
		5DBF022C2741FB4E00FE6C1D /* View Models */ = {
			isa = PBXGroup;
			children = (
				5DD466C62748FF9A00D1B730 /* List */,
				5DD466C72748FFC600D1B730 /* Detail */,
			);
			path = "View Models";
			sourceTree = "<group>";
		};
		5DBF02542742010A00FE6C1D /* Utils */ = {
			isa = PBXGroup;
			children = (
				5DBF0259274223D000FE6C1D /* ReusableView.swift */,
				5DD466C427467E1E00D1B730 /* CurrencyFormatter.swift */,
				5DD466CD274916FC00D1B730 /* DateAxisValueFormatter.swift */,
				5DD466CB2749122B00D1B730 /* Color.swift */,
			);
			path = Utils;
			sourceTree = "<group>";
		};
		5DBF02622742352200FE6C1D /* Supporting Files */ = {
			isa = PBXGroup;
			children = (
				5DBF021F2741FA9E00FE6C1D /* Info.plist */,
			);
			path = "Supporting Files";
			sourceTree = "<group>";
		};
		5DBF02632742352B00FE6C1D /* Resoureces */ = {
			isa = PBXGroup;
			children = (
				5DD466862745C72800D1B730 /* fonts */,
				5DBF021A2741FA9E00FE6C1D /* Assets.xcassets */,
			);
			path = Resoureces;
			sourceTree = "<group>";
		};
		5DBF02652742354C00FE6C1D /* Applcation */ = {
			isa = PBXGroup;
			children = (
				5DBF02112741FA9B00FE6C1D /* AppDelegate.swift */,
				5DBF02132741FA9B00FE6C1D /* SceneDelegate.swift */,
			);
			path = Applcation;
			sourceTree = "<group>";
		};
		5DD466862745C72800D1B730 /* fonts */ = {
			isa = PBXGroup;
			children = (
				5DD466AC2745C91F00D1B730 /* GraphikMedium.otf */,
				5DD466AB2745C91F00D1B730 /* GraphikMediumItalic.otf */,
				5DD466902745C73E00D1B730 /* GraphikRegular.otf */,
				5DD4668F2745C73D00D1B730 /* GraphikRegularItalic.otf */,
				5DD4668C2745C73D00D1B730 /* GraphikSemibold.otf */,
				5DD4668A2745C73D00D1B730 /* GraphikSemiboldItalic.otf */,
			);
			path = fonts;
			sourceTree = "<group>";
		};
		5DD466B12746603200D1B730 /* Frameworks */ = {
			isa = PBXGroup;
			children = (
			);
			name = Frameworks;
			sourceTree = "<group>";
		};
		5DD466BA27466C2D00D1B730 /* CoinsTests */ = {
			isa = PBXGroup;
			children = (
				5DD466D8274A6EBC00D1B730 /* Networking */,
			);
			path = CoinsTests;
			sourceTree = "<group>";
		};
		5DD466C62748FF9A00D1B730 /* List */ = {
			isa = PBXGroup;
			children = (
				5DF277002743841F003C434B /* CoinListViewModel.swift */,
				5DF27702274384CF003C434B /* CoinViewModel.swift */,
			);
			path = List;
			sourceTree = "<group>";
		};
		5DD466C72748FFC600D1B730 /* Detail */ = {
			isa = PBXGroup;
			children = (
				5DD466792744797000D1B730 /* CoinDetailViewModel.swift */,
				5DBF025727420D9C00FE6C1D /* ArticleViewModel.swift */,
			);
			path = Detail;
			sourceTree = "<group>";
		};
		5DD466C8274900F300D1B730 /* Views */ = {
			isa = PBXGroup;
			children = (
				5DD466C92749012100D1B730 /* List */,
				5DD466CA2749013500D1B730 /* Detail */,
			);
			path = Views;
			sourceTree = "<group>";
		};
		5DD466C92749012100D1B730 /* List */ = {
			isa = PBXGroup;
			children = (
				5DBF02662742374800FE6C1D /* CoinListViewController.swift */,
				5DF27706274385D0003C434B /* CoinCell.swift */,
			);
			path = List;
			sourceTree = "<group>";
		};
		5DD466CA2749013500D1B730 /* Detail */ = {
			isa = PBXGroup;
			children = (
				5DD46677274476D900D1B730 /* CoinDetailViewController.swift */,
				5DBF025C2742268800FE6C1D /* ArticleCell.swift */,
			);
			path = Detail;
			sourceTree = "<group>";
		};
		5DD466D8274A6EBC00D1B730 /* Networking */ = {
			isa = PBXGroup;
			children = (
				5DD466BB27466C2D00D1B730 /* CoinRequestTests.swift */,
				5DD466D0274A592400D1B730 /* ArticleRequestTests.swift */,
				5DD466D6274A6A8900D1B730 /* HistoricalCoinRequestTest.swift */,
				5DD466C22746708700D1B730 /* MockJSON.swift */,
				5DD466DF274A791E00D1B730 /* MockURLProtocol.swift */,
				5DD466E1274A793500D1B730 /* APIRequestLoaderTests.swift */,
			);
			path = Networking;
			sourceTree = "<group>";
		};
/* End PBXGroup section */

/* Begin PBXNativeTarget section */
		5DBF020D2741FA9B00FE6C1D /* Coins */ = {
			isa = PBXNativeTarget;
			buildConfigurationList = 5DBF02222741FA9E00FE6C1D /* Build configuration list for PBXNativeTarget "Coins" */;
			buildPhases = (
				5DBF020A2741FA9B00FE6C1D /* Sources */,
				5DBF020B2741FA9B00FE6C1D /* Frameworks */,
				5DBF020C2741FA9B00FE6C1D /* Resources */,
			);
			buildRules = (
			);
			dependencies = (
			);
			name = Coins;
			packageProductDependencies = (
				5DF2770927439402003C434B /* Kingfisher */,
				5D8736D72F4EE5300054BBE6 /* DGCharts */,
			);
			productName = Coins;
			productReference = 5DBF020E2741FA9B00FE6C1D /* Coins.app */;
			productType = "com.apple.product-type.application";
		};
		5DD466B827466C2D00D1B730 /* CoinsTests */ = {
			isa = PBXNativeTarget;
			buildConfigurationList = 5DD466BF27466C2D00D1B730 /* Build configuration list for PBXNativeTarget "CoinsTests" */;
			buildPhases = (
				5DD466B527466C2D00D1B730 /* Sources */,
				5DD466B627466C2D00D1B730 /* Frameworks */,
				5DD466B727466C2D00D1B730 /* Resources */,
			);
			buildRules = (
			);
			dependencies = (
				5DD466BE27466C2D00D1B730 /* PBXTargetDependency */,
			);
			name = CoinsTests;
			productName = CoinsTests;
			productReference = 5DD466B927466C2D00D1B730 /* CoinsTests.xctest */;
			productType = "com.apple.product-type.bundle.unit-test";
		};
/* End PBXNativeTarget section */

/* Begin PBXProject section */
		5DBF02062741FA9B00FE6C1D /* Project object */ = {
			isa = PBXProject;
			attributes = {
				BuildIndependentTargetsInParallel = 1;
				LastSwiftUpdateCheck = 1310;
				LastUpgradeCheck = 2630;
				TargetAttributes = {
					5DBF020D2741FA9B00FE6C1D = {
						CreatedOnToolsVersion = 13.0;
					};
					5DD466B827466C2D00D1B730 = {
						CreatedOnToolsVersion = 13.1;
						TestTargetID = 5DBF020D2741FA9B00FE6C1D;
					};
				};
			};
			buildConfigurationList = 5DBF02092741FA9B00FE6C1D /* Build configuration list for PBXProject "Coins" */;
			compatibilityVersion = "Xcode 13.0";
			developmentRegion = en;
			hasScannedForEncodings = 0;
			knownRegions = (
				en,
				Base,
			);
			mainGroup = 5DBF02052741FA9B00FE6C1D;
			packageReferences = (
				5DF2770827439402003C434B /* XCRemoteSwiftPackageReference "Kingfisher" */,
				5D8736D62F4EE52B0054BBE6 /* XCRemoteSwiftPackageReference "Charts" */,
			);
			productRefGroup = 5DBF020F2741FA9B00FE6C1D /* Products */;
			projectDirPath = "";
			projectRoot = "";
			targets = (
				5DBF020D2741FA9B00FE6C1D /* Coins */,
				5DD466B827466C2D00D1B730 /* CoinsTests */,
			);
		};
/* End PBXProject section */

/* Begin PBXResourcesBuildPhase section */
		5DBF020C2741FA9B00FE6C1D /* Resources */ = {
			isa = PBXResourcesBuildPhase;
			buildActionMask = 2147483647;
			files = (
				5DBF021E2741FA9E00FE6C1D /* LaunchScreen.storyboard in Resources */,
				5DD466992745C75800D1B730 /* GraphikRegularItalic.otf in Resources */,
				5DD466AE2745C91F00D1B730 /* GraphikMedium.otf in Resources */,
				5DBF021B2741FA9E00FE6C1D /* Assets.xcassets in Resources */,
				5DD466AD2745C91F00D1B730 /* GraphikMediumItalic.otf in Resources */,
				5DBF02192741FA9B00FE6C1D /* Main.storyboard in Resources */,
				5DD4669A2745C75800D1B730 /* GraphikSemiboldItalic.otf in Resources */,
				5DD466AA2745C75800D1B730 /* GraphikRegular.otf in Resources */,
				5DD4669F2745C75800D1B730 /* GraphikSemibold.otf in Resources */,
			);
			runOnlyForDeploymentPostprocessing = 0;
		};
		5DD466B727466C2D00D1B730 /* Resources */ = {
			isa = PBXResourcesBuildPhase;
			buildActionMask = 2147483647;
			files = (
			);
			runOnlyForDeploymentPostprocessing = 0;
		};
/* End PBXResourcesBuildPhase section */

/* Begin PBXSourcesBuildPhase section */
		5DBF020A2741FA9B00FE6C1D /* Sources */ = {
			isa = PBXSourcesBuildPhase;
			buildActionMask = 2147483647;
			files = (
				5DBF026127422D8900FE6C1D /* APIRequestLoader.swift in Sources */,
				5DD466C527467E1E00D1B730 /* CurrencyFormatter.swift in Sources */,
				5DD466CE274916FC00D1B730 /* DateAxisValueFormatter.swift in Sources */,
				5DD466CC2749122B00D1B730 /* Color.swift in Sources */,
				5DBF02292741FAD600FE6C1D /* Article.swift in Sources */,
				5DF27703274384CF003C434B /* CoinViewModel.swift in Sources */,
				5DBF025A274223D000FE6C1D /* ReusableView.swift in Sources */,
				5DBF026B27423C1900FE6C1D /* Coin.swift in Sources */,
				5DBF02692742394500FE6C1D /* CoinRequest.swift in Sources */,
				5DD4667A2744797000D1B730 /* CoinDetailViewModel.swift in Sources */,
				5DD466822745338800D1B730 /* Duration.swift in Sources */,
				5DF277012743841F003C434B /* CoinListViewModel.swift in Sources */,
				5DBF02122741FA9B00FE6C1D /* AppDelegate.swift in Sources */,
				5DD4667C274509F500D1B730 /* HistoricalCoin.swift in Sources */,
				5DBF0253274200FC00FE6C1D /* ArticleRequest.swift in Sources */,
				5DBF02672742374800FE6C1D /* CoinListViewController.swift in Sources */,
				5DBF02142741FA9B00FE6C1D /* SceneDelegate.swift in Sources */,
				5DBF025827420D9C00FE6C1D /* ArticleViewModel.swift in Sources */,
				5DBF025F27422BE200FE6C1D /* CoinServiceAPI.swift in Sources */,
				5DD46678274476D900D1B730 /* CoinDetailViewController.swift in Sources */,
				5DF27707274385D0003C434B /* CoinCell.swift in Sources */,
				5DBF0251274200E200FE6C1D /* RequestType.swift in Sources */,
				5DD4667E27450C8700D1B730 /* HistoricalCoinRequest.swift in Sources */,
				5DBF025D2742268800FE6C1D /* ArticleCell.swift in Sources */,
			);
			runOnlyForDeploymentPostprocessing = 0;
		};
		5DD466B527466C2D00D1B730 /* Sources */ = {
			isa = PBXSourcesBuildPhase;
			buildActionMask = 2147483647;
			files = (
				5DD466BC27466C2D00D1B730 /* CoinRequestTests.swift in Sources */,
				5DD466E2274A793500D1B730 /* APIRequestLoaderTests.swift in Sources */,
				5DD466D1274A592500D1B730 /* ArticleRequestTests.swift in Sources */,
				5DD466E0274A791E00D1B730 /* MockURLProtocol.swift in Sources */,
				5DD466D7274A6A8900D1B730 /* HistoricalCoinRequestTest.swift in Sources */,
				5DD466C32746708700D1B730 /* MockJSON.swift in Sources */,
			);
			runOnlyForDeploymentPostprocessing = 0;
		};
/* End PBXSourcesBuildPhase section */

/* Begin PBXTargetDependency section */
		5DD466BE27466C2D00D1B730 /* PBXTargetDependency */ = {
			isa = PBXTargetDependency;
			target = 5DBF020D2741FA9B00FE6C1D /* Coins */;
			targetProxy = 5DD466BD27466C2D00D1B730 /* PBXContainerItemProxy */;
		};
/* End PBXTargetDependency section */

/* Begin PBXVariantGroup section */
		5DBF02172741FA9B00FE6C1D /* Main.storyboard */ = {
			isa = PBXVariantGroup;
			children = (
				5DBF02182741FA9B00FE6C1D /* Base */,
			);
			name = Main.storyboard;
			sourceTree = "<group>";
		};
		5DBF021C2741FA9E00FE6C1D /* LaunchScreen.storyboard */ = {
			isa = PBXVariantGroup;
			children = (
				5DBF021D2741FA9E00FE6C1D /* Base */,
			);
			name = LaunchScreen.storyboard;
			sourceTree = "<group>";
		};
/* End PBXVariantGroup section */

/* Begin XCBuildConfiguration section */
		5DBF02202741FA9E00FE6C1D /* Debug */ = {
			isa = XCBuildConfiguration;
			buildSettings = {
				ALWAYS_SEARCH_USER_PATHS = NO;
				CLANG_ANALYZER_NONNULL = YES;
				CLANG_ANALYZER_NUMBER_OBJECT_CONVERSION = YES_AGGRESSIVE;
				CLANG_CXX_LANGUAGE_STANDARD = "gnu++17";
				CLANG_CXX_LIBRARY = "libc++";
				CLANG_ENABLE_MODULES = YES;
				CLANG_ENABLE_OBJC_ARC = YES;
				CLANG_ENABLE_OBJC_WEAK = YES;
				CLANG_WARN_BLOCK_CAPTURE_AUTORELEASING = YES;
				CLANG_WARN_BOOL_CONVERSION = YES;
				CLANG_WARN_COMMA = YES;
				CLANG_WARN_CONSTANT_CONVERSION = YES;
				CLANG_WARN_DEPRECATED_OBJC_IMPLEMENTATIONS = YES;
				CLANG_WARN_DIRECT_OBJC_ISA_USAGE = YES_ERROR;
				CLANG_WARN_DOCUMENTATION_COMMENTS = YES;
				CLANG_WARN_EMPTY_BODY = YES;
				CLANG_WARN_ENUM_CONVERSION = YES;
				CLANG_WARN_INFINITE_RECURSION = YES;
				CLANG_WARN_INT_CONVERSION = YES;
				CLANG_WARN_NON_LITERAL_NULL_CONVERSION = YES;
				CLANG_WARN_OBJC_IMPLICIT_RETAIN_SELF = YES;
				CLANG_WARN_OBJC_LITERAL_CONVERSION = YES;
				CLANG_WARN_OBJC_ROOT_CLASS = YES_ERROR;
				CLANG_WARN_QUOTED_INCLUDE_IN_FRAMEWORK_HEADER = YES;
				CLANG_WARN_RANGE_LOOP_ANALYSIS = YES;
				CLANG_WARN_STRICT_PROTOTYPES = YES;
				CLANG_WARN_SUSPICIOUS_MOVE = YES;
				CLANG_WARN_UNGUARDED_AVAILABILITY = YES_AGGRESSIVE;
				CLANG_WARN_UNREACHABLE_CODE = YES;
				CLANG_WARN__DUPLICATE_METHOD_MATCH = YES;
				COPY_PHASE_STRIP = NO;
				DEBUG_INFORMATION_FORMAT = dwarf;
				ENABLE_STRICT_OBJC_MSGSEND = YES;
				ENABLE_TESTABILITY = YES;
				ENABLE_USER_SCRIPT_SANDBOXING = YES;
				GCC_C_LANGUAGE_STANDARD = gnu11;
				GCC_DYNAMIC_NO_PIC = NO;
				GCC_NO_COMMON_BLOCKS = YES;
				GCC_OPTIMIZATION_LEVEL = 0;
				GCC_PREPROCESSOR_DEFINITIONS = (
					"DEBUG=1",
					"$(inherited)",
				);
				GCC_WARN_64_TO_32_BIT_CONVERSION = YES;
				GCC_WARN_ABOUT_RETURN_TYPE = YES_ERROR;
				GCC_WARN_UNDECLARED_SELECTOR = YES;
				GCC_WARN_UNINITIALIZED_AUTOS = YES_AGGRESSIVE;
				GCC_WARN_UNUSED_FUNCTION = YES;
				GCC_WARN_UNUSED_VARIABLE = YES;
				IPHONEOS_DEPLOYMENT_TARGET = 26.0;
				MTL_ENABLE_DEBUG_INFO = INCLUDE_SOURCE;
				MTL_FAST_MATH = YES;
				ONLY_ACTIVE_ARCH = YES;
				SDKROOT = iphoneos;
				STRING_CATALOG_GENERATE_SYMBOLS = YES;
				SWIFT_ACTIVE_COMPILATION_CONDITIONS = DEBUG;
				SWIFT_OPTIMIZATION_LEVEL = "-Onone";
			};
			name = Debug;
		};
		5DBF02212741FA9E00FE6C1D /* Release */ = {
			isa = XCBuildConfiguration;
			buildSettings = {
				ALWAYS_SEARCH_USER_PATHS = NO;
				CLANG_ANALYZER_NONNULL = YES;
				CLANG_ANALYZER_NUMBER_OBJECT_CONVERSION = YES_AGGRESSIVE;
				CLANG_CXX_LANGUAGE_STANDARD = "gnu++17";
				CLANG_CXX_LIBRARY = "libc++";
				CLANG_ENABLE_MODULES = YES;
				CLANG_ENABLE_OBJC_ARC = YES;
				CLANG_ENABLE_OBJC_WEAK = YES;
				CLANG_WARN_BLOCK_CAPTURE_AUTORELEASING = YES;
				CLANG_WARN_BOOL_CONVERSION = YES;
				CLANG_WARN_COMMA = YES;
				CLANG_WARN_CONSTANT_CONVERSION = YES;
				CLANG_WARN_DEPRECATED_OBJC_IMPLEMENTATIONS = YES;
				CLANG_WARN_DIRECT_OBJC_ISA_USAGE = YES_ERROR;
				CLANG_WARN_DOCUMENTATION_COMMENTS = YES;
				CLANG_WARN_EMPTY_BODY = YES;
				CLANG_WARN_ENUM_CONVERSION = YES;
				CLANG_WARN_INFINITE_RECURSION = YES;
				CLANG_WARN_INT_CONVERSION = YES;
				CLANG_WARN_NON_LITERAL_NULL_CONVERSION = YES;
				CLANG_WARN_OBJC_IMPLICIT_RETAIN_SELF = YES;
				CLANG_WARN_OBJC_LITERAL_CONVERSION = YES;
				CLANG_WARN_OBJC_ROOT_CLASS = YES_ERROR;
				CLANG_WARN_QUOTED_INCLUDE_IN_FRAMEWORK_HEADER = YES;
				CLANG_WARN_RANGE_LOOP_ANALYSIS = YES;
				CLANG_WARN_STRICT_PROTOTYPES = YES;
				CLANG_WARN_SUSPICIOUS_MOVE = YES;
				CLANG_WARN_UNGUARDED_AVAILABILITY = YES_AGGRESSIVE;
				CLANG_WARN_UNREACHABLE_CODE = YES;
				CLANG_WARN__DUPLICATE_METHOD_MATCH = YES;
				COPY_PHASE_STRIP = NO;
				DEBUG_INFORMATION_FORMAT = "dwarf-with-dsym";
				ENABLE_NS_ASSERTIONS = NO;
				ENABLE_STRICT_OBJC_MSGSEND = YES;
				ENABLE_USER_SCRIPT_SANDBOXING = YES;
				GCC_C_LANGUAGE_STANDARD = gnu11;
				GCC_NO_COMMON_BLOCKS = YES;
				GCC_WARN_64_TO_32_BIT_CONVERSION = YES;
				GCC_WARN_ABOUT_RETURN_TYPE = YES_ERROR;
				GCC_WARN_UNDECLARED_SELECTOR = YES;
				GCC_WARN_UNINITIALIZED_AUTOS = YES_AGGRESSIVE;
				GCC_WARN_UNUSED_FUNCTION = YES;
				GCC_WARN_UNUSED_VARIABLE = YES;
				IPHONEOS_DEPLOYMENT_TARGET = 26.0;
				MTL_ENABLE_DEBUG_INFO = NO;
				MTL_FAST_MATH = YES;
				SDKROOT = iphoneos;
				STRING_CATALOG_GENERATE_SYMBOLS = YES;
				SWIFT_COMPILATION_MODE = wholemodule;
				SWIFT_OPTIMIZATION_LEVEL = "-O";
				VALIDATE_PRODUCT = YES;
			};
			name = Release;
		};
		5DBF02232741FA9E00FE6C1D /* Debug */ = {
			isa = XCBuildConfiguration;
			buildSettings = {
				ASSETCATALOG_COMPILER_APPICON_NAME = AppIcon;
				ASSETCATALOG_COMPILER_GLOBAL_ACCENT_COLOR_NAME = AccentColor;
				CODE_SIGN_STYLE = Automatic;
				CURRENT_PROJECT_VERSION = 1;
				DEVELOPMENT_TEAM = "";
				GENERATE_INFOPLIST_FILE = YES;
				INFOPLIST_FILE = "Coins/Supporting Files/Info.plist";
				INFOPLIST_KEY_UIApplicationSupportsIndirectInputEvents = YES;
				INFOPLIST_KEY_UILaunchStoryboardName = LaunchScreen;
				INFOPLIST_KEY_UIMainStoryboardFile = Main;
				INFOPLIST_KEY_UISupportedInterfaceOrientations_iPad = "UIInterfaceOrientationPortrait UIInterfaceOrientationPortraitUpsideDown UIInterfaceOrientationLandscapeLeft UIInterfaceOrientationLandscapeRight";
				INFOPLIST_KEY_UISupportedInterfaceOrientations_iPhone = "UIInterfaceOrientationPortrait UIInterfaceOrientationLandscapeLeft UIInterfaceOrientationLandscapeRight";
				LD_RUNPATH_SEARCH_PATHS = (
					"$(inherited)",
					"@executable_path/Frameworks",
				);
				MARKETING_VERSION = 1.0;
				PRODUCT_BUNDLE_IDENTIFIER = com.betterhee.Coins;
				PRODUCT_NAME = "$(TARGET_NAME)";
				SWIFT_EMIT_LOC_STRINGS = YES;
				SWIFT_VERSION = 6.0;
				TARGETED_DEVICE_FAMILY = "1,2";
			};
			name = Debug;
		};
		5DBF02242741FA9E00FE6C1D /* Release */ = {
			isa = XCBuildConfiguration;
			buildSettings = {
				ASSETCATALOG_COMPILER_APPICON_NAME = AppIcon;
				ASSETCATALOG_COMPILER_GLOBAL_ACCENT_COLOR_NAME = AccentColor;
				CODE_SIGN_STYLE = Automatic;
				CURRENT_PROJECT_VERSION = 1;
				DEVELOPMENT_TEAM = "";
				GENERATE_INFOPLIST_FILE = YES;
				INFOPLIST_FILE = "Coins/Supporting Files/Info.plist";
				INFOPLIST_KEY_UIApplicationSupportsIndirectInputEvents = YES;
				INFOPLIST_KEY_UILaunchStoryboardName = LaunchScreen;
				INFOPLIST_KEY_UIMainStoryboardFile = Main;
				INFOPLIST_KEY_UISupportedInterfaceOrientations_iPad = "UIInterfaceOrientationPortrait UIInterfaceOrientationPortraitUpsideDown UIInterfaceOrientationLandscapeLeft UIInterfaceOrientationLandscapeRight";
				INFOPLIST_KEY_UISupportedInterfaceOrientations_iPhone = "UIInterfaceOrientationPortrait UIInterfaceOrientationLandscapeLeft UIInterfaceOrientationLandscapeRight";
				LD_RUNPATH_SEARCH_PATHS = (
					"$(inherited)",
					"@executable_path/Frameworks",
				);
				MARKETING_VERSION = 1.0;
				PRODUCT_BUNDLE_IDENTIFIER = com.betterhee.Coins;
				PRODUCT_NAME = "$(TARGET_NAME)";
				SWIFT_EMIT_LOC_STRINGS = YES;
				SWIFT_VERSION = 6.0;
				TARGETED_DEVICE_FAMILY = "1,2";
			};
			name = Release;
		};
		5DD466C027466C2D00D1B730 /* Debug */ = {
			isa = XCBuildConfiguration;
			buildSettings = {
				BUNDLE_LOADER = "$(TEST_HOST)";
				CODE_SIGN_STYLE = Automatic;
				CURRENT_PROJECT_VERSION = 1;
				DEVELOPMENT_TEAM = 325UV7FT5F;
				GENERATE_INFOPLIST_FILE = YES;
				LD_RUNPATH_SEARCH_PATHS = (
					"$(inherited)",
					"@executable_path/Frameworks",
					"@loader_path/Frameworks",
				);
				MARKETING_VERSION = 1.0;
				PRODUCT_BUNDLE_IDENTIFIER = com.betterhee.CoinsTests;
				PRODUCT_NAME = "$(TARGET_NAME)";
				SWIFT_EMIT_LOC_STRINGS = NO;
				SWIFT_VERSION = 6.0;
				TARGETED_DEVICE_FAMILY = "1,2";
				TEST_HOST = "$(BUILT_PRODUCTS_DIR)/Coins.app/Coins";
			};
			name = Debug;
		};
		5DD466C127466C2D00D1B730 /* Release */ = {
			isa = XCBuildConfiguration;
			buildSettings = {
				BUNDLE_LOADER = "$(TEST_HOST)";
				CODE_SIGN_STYLE = Automatic;
				CURRENT_PROJECT_VERSION = 1;
				DEVELOPMENT_TEAM = 325UV7FT5F;
				GENERATE_INFOPLIST_FILE = YES;
				LD_RUNPATH_SEARCH_PATHS = (
					"$(inherited)",
					"@executable_path/Frameworks",
					"@loader_path/Frameworks",
				);
				MARKETING_VERSION = 1.0;
				PRODUCT_BUNDLE_IDENTIFIER = com.betterhee.CoinsTests;
				PRODUCT_NAME = "$(TARGET_NAME)";
				SWIFT_EMIT_LOC_STRINGS = NO;
				SWIFT_VERSION = 6.0;
				TARGETED_DEVICE_FAMILY = "1,2";
				TEST_HOST = "$(BUILT_PRODUCTS_DIR)/Coins.app/Coins";
			};
			name = Release;
		};
/* End XCBuildConfiguration section */

/* Begin XCConfigurationList section */
		5DBF02092741FA9B00FE6C1D /* Build configuration list for PBXProject "Coins" */ = {
			isa = XCConfigurationList;
			buildConfigurations = (
				5DBF02202741FA9E00FE6C1D /* Debug */,
				5DBF02212741FA9E00FE6C1D /* Release */,
			);
			defaultConfigurationIsVisible = 0;
			defaultConfigurationName = Release;
		};
		5DBF02222741FA9E00FE6C1D /* Build configuration list for PBXNativeTarget "Coins" */ = {
			isa = XCConfigurationList;
			buildConfigurations = (
				5DBF02232741FA9E00FE6C1D /* Debug */,
				5DBF02242741FA9E00FE6C1D /* Release */,
			);
			defaultConfigurationIsVisible = 0;
			defaultConfigurationName = Release;
		};
		5DD466BF27466C2D00D1B730 /* Build configuration list for PBXNativeTarget "CoinsTests" */ = {
			isa = XCConfigurationList;
			buildConfigurations = (
				5DD466C027466C2D00D1B730 /* Debug */,
				5DD466C127466C2D00D1B730 /* Release */,
			);
			defaultConfigurationIsVisible = 0;
			defaultConfigurationName = Release;
		};
/* End XCConfigurationList section */

/* Begin XCRemoteSwiftPackageReference section */
		5D8736D62F4EE52B0054BBE6 /* XCRemoteSwiftPackageReference "Charts" */ = {
			isa = XCRemoteSwiftPackageReference;
			repositoryURL = "https://github.com/danielgindi/Charts.git";
			requirement = {
				kind = exactVersion;
				version = 5.1.0;
			};
		};
		5DF2770827439402003C434B /* XCRemoteSwiftPackageReference "Kingfisher" */ = {
			isa = XCRemoteSwiftPackageReference;
			repositoryURL = "https://github.com/onevcat/Kingfisher.git";
			requirement = {
				kind = upToNextMajorVersion;
				minimumVersion = 7.0.0;
			};
		};
/* End XCRemoteSwiftPackageReference section */

/* Begin XCSwiftPackageProductDependency section */
		5D8736D72F4EE5300054BBE6 /* DGCharts */ = {
			isa = XCSwiftPackageProductDependency;
			package = 5D8736D62F4EE52B0054BBE6 /* XCRemoteSwiftPackageReference "Charts" */;
			productName = DGCharts;
		};
		5DF2770927439402003C434B /* Kingfisher */ = {
			isa = XCSwiftPackageProductDependency;
			package = 5DF2770827439402003C434B /* XCRemoteSwiftPackageReference "Kingfisher" */;
			productName = Kingfisher;
		};
/* End XCSwiftPackageProductDependency section */
	};
	rootObject = 5DBF02062741FA9B00FE6C1D /* Project object */;
}
